{
  "nodes": {
    "ags": {
      "inputs": {
        "astal": "astal",
        "nixpkgs": "nixpkgs"
      },
      "locked": {
        "lastModified": 1738087375,
        "narHash": "sha256-GLyNtU9A2VN22jNRHZ2OXuFfTJLh8uEVVt+ftsKUX0c=",
        "owner": "aylur",
        "repo": "ags",
        "rev": "a6a7a0adb17740f4c34a59902701870d46fbb6a4",
        "type": "github"
      },
      "original": {
        "owner": "aylur",
        "repo": "ags",
        "type": "github"
      }
    },
    "astal": {
      "inputs": {
        "nixpkgs": [
          "ags",
          "nixpkgs"
        ]
      },
      "locked": {
        "lastModified": 1739784829,
        "narHash": "sha256-D64mquBG3hQjd1VAkSSjaTqxSCIP9Dly08GWdekSmqI=",
        "owner": "aylur",
        "repo": "astal",
        "rev": "bfa376a3468f7c657e46a87c61ea7e9d8c6336b4",
        "type": "github"
      },
      "original": {
        "owner": "aylur",
        "repo": "astal",
        "rev": "bfa376a3468f7c657e46a87c61ea7e9d8c6336b4",
        "type": "github"
      }
    },
    "flake-parts": {
      "inputs": {
        "nixpkgs-lib": "nixpkgs-lib"
      },
      "locked": {
        "lastModified": 1740872218,
        "narHash": "sha256-ZaMw0pdoUKigLpv9HiNDH2Pjnosg7NBYMJlHTIsHEUo=",
        "owner": "hercules-ci",
        "repo": "flake-parts",
        "rev": "3876f6b87db82f33775b1ef5ea343986105db764",
        "type": "github"
      },
      "original": {
        "owner": "hercules-ci",
        "repo": "flake-parts",
        "type": "github"
      }
    },
    "nixpkgs": {
      "locked": {
        "lastModified": 1737469691,
        "narHash": "sha256-nmKOgAU48S41dTPIXAq0AHZSehWUn6ZPrUKijHAMmIk=",
        "owner": "nixos",
        "repo": "nixpkgs",
        "rev": "9e4d5190a9482a1fb9d18adf0bdb83c6e506eaab",
        "type": "github"
      },
      "original": {
        "owner": "nixos",
        "ref": "nixos-unstable",
        "repo": "nixpkgs",
        "type": "github"
      }
    },
    "nixpkgs-lib": {
      "locked": {
        "lastModified": 1740872140,
        "narHash": "sha256-3wHafybyRfpUCLoE8M+uPVZinImg3xX+Nm6gEfN3G8I=",
        "type": "tarball",
        "url": "https://github.com/NixOS/nixpkgs/archive/6d3702243441165a03f699f64416f635220f4f15.tar.gz"
      },
      "original": {
        "type": "tarball",
        "url": "https://github.com/NixOS/nixpkgs/archive/6d3702243441165a03f699f64416f635220f4f15.tar.gz"
      }
    },
    "nixpkgs_2": {
      "locked": {
        "lastModified": 1741010256,
        "narHash": "sha256-WZNlK/KX7Sni0RyqLSqLPbK8k08Kq7H7RijPJbq9KHM=",
        "owner": "nixos",
        "repo": "nixpkgs",
        "rev": "ba487dbc9d04e0634c64e3b1f0d25839a0a68246",
        "type": "github"
      },
      "original": {
        "owner": "nixos",
        "ref": "nixos-unstable",
        "repo": "nixpkgs",
        "type": "github"
      }
    },
    "root": {
      "inputs": {
        "ags": "ags",
        "flake-parts": "flake-parts",
        "nixpkgs": "nixpkgs_2",
        "systems": "systems"
      }
    },
    "systems": {
      "locked": {
        "lastModified": 1681028828,
        "narHash": "sha256-Vy1rq5AaRuLzOxct8nz4T6wlgyUR7zLU309k9mBC768=",
        "owner": "nix-systems",
        "repo": "default",
        "rev": "da67096a3b9bf56a91d16901293e51ba5b49a27e",
        "type": "github"
      },
      "original": {
        "id": "systems",
        "type": "indirect"
      }
    }
  },
  "root": "root",
  "version": 7
}
